
Microsoft Visual Studio Solution File, Format Version 12.00
# Visual Studio Version 16
VisualStudioVersion = 16.0.28922.388
MinimumVisualStudioVersion = 10.0.40219.1
Project("{FAE04EC0-301F-11D3-BF4B-00C04F79EFBC}") = "ADMIN.Test.UI", "PDV.Test.UI\ADMIN.Test.UI.csproj", "{77F83D58-0743-4EA0-9B17-62A971C184C2}"
EndProject
Project("{FAE04EC0-301F-11D3-BF4B-00C04F79EFBC}") = "POS.Test.UI", "POS\POS.Test.UI.csproj", "{3D0B9AD0-B675-4D37-BAB5-4BEBF6B9693F}"
EndProject
Global
	GlobalSection(SolutionConfigurationPlatforms) = preSolution
		Debug|Any CPU = Debug|Any CPU
		Release|Any CPU = Release|Any CPU
	EndGlobalSection
	GlobalSection(ProjectConfigurationPlatforms) = postSolution
		{77F83D58-0743-4EA0-9B17-62A971C184C2}.Debug|Any CPU.ActiveCfg = Debug|Any CPU
		{77F83D58-0743-4EA0-9B17-62A971C184C2}.Debug|Any CPU.Build.0 = Debug|Any CPU
		{77F83D58-0743-4EA0-9B17-62A971C184C2}.Release|Any CPU.ActiveCfg = Release|Any CPU
		{77F83D58-0743-4EA0-9B17-62A971C184C2}.Release|Any CPU.Build.0 = Release|Any CPU
		{3D0B9AD0-B675-4D37-BAB5-4BEBF6B9693F}.Debug|Any CPU.ActiveCfg = Debug|Any CPU
		{3D0B9AD0-B675-4D37-BAB5-4BEBF6B9693F}.Debug|Any CPU.Build.0 = Debug|Any CPU
		{3D0B9AD0-B675-4D37-BAB5-4BEBF6B9693F}.Release|Any CPU.ActiveCfg = Release|Any CPU
		{3D0B9AD0-B675-4D37-BAB5-4BEBF6B9693F}.Release|Any CPU.Build.0 = Release|Any CPU
	EndGlobalSection
	GlobalSection(SolutionProperties) = preSolution
		HideSolutionNode = FALSE
	EndGlobalSection
	GlobalSection(ExtensibilityGlobals) = postSolution
		SolutionGuid = {47575CB2-A993-4240-BBAA-3F3B79007120}
	EndGlobalSection
EndGlobal
